
Microsoft Visual Studio Solution File, Format Version 12.00
# Visual Studio Version 16
VisualStudioVersion = 16.0.30523.141
MinimumVisualStudioVersion = 10.0.40219.1
Project("{FAE04EC0-301F-11D3-BF4B-00C04F79EFBC}") = "RFQ2", "RFQ2.csproj", "{F41A21EF-01F3-4559-83BA-C096C8FAA2DB}"
EndProject
Project("{54435603-DBB4-11D2-8724-00A0C9A8B90C}") = "RFQ", "..\RFQ\RFQ.vdproj", "{951B1722-6A8A-4647-9382-7B74AFE6A8A9}"
EndProject
Global
	GlobalSection(SolutionConfigurationPlatforms) = preSolution
		Debug|Any CPU = Debug|Any CPU
		Release|Any CPU = Release|Any CPU
	EndGlobalSection
	GlobalSection(ProjectConfigurationPlatforms) = postSolution
		{F41A21EF-01F3-4559-83BA-C096C8FAA2DB}.Debug|Any CPU.ActiveCfg = Debug|Any CPU
		{F41A21EF-01F3-4559-83BA-C096C8FAA2DB}.Debug|Any CPU.Build.0 = Debug|Any CPU
		{F41A21EF-01F3-4559-83BA-C096C8FAA2DB}.Release|Any CPU.ActiveCfg = Release|Any CPU
		{F41A21EF-01F3-4559-83BA-C096C8FAA2DB}.Release|Any CPU.Build.0 = Release|Any CPU
		{951B1722-6A8A-4647-9382-7B74AFE6A8A9}.Debug|Any CPU.ActiveCfg = Debug
		{951B1722-6A8A-4647-9382-7B74AFE6A8A9}.Release|Any CPU.ActiveCfg = Release
	EndGlobalSection
	GlobalSection(SolutionProperties) = preSolution
		HideSolutionNode = FALSE
	EndGlobalSection
	GlobalSection(ExtensibilityGlobals) = postSolution
		SolutionGuid = {D8071BF3-F997-427D-AD70-1C2BF30485B2}
	EndGlobalSection
EndGlobal
