
Microsoft Visual Studio Solution File, Format Version 12.00
# Visual Studio Version 17
VisualStudioVersion = 17.10.34916.146
MinimumVisualStudioVersion = 10.0.40219.1
Project("{FAE04EC0-301F-11D3-BF4B-00C04F79EFBC}") = "HalliburtonFOSO", "HalliburtonFOSO.csproj", "{FDE641D7-B8C5-4826-BE9D-AE1B6C859791}"
EndProject
Global
	GlobalSection(SolutionConfigurationPlatforms) = preSolution
		Debug|Any CPU = Debug|Any CPU
		Debug|x64 = Debug|x64
		Debug|x86 = Debug|x86
		Release|Any CPU = Release|Any CPU
		Release|x64 = Release|x64
		Release|x86 = Release|x86
	EndGlobalSection
	GlobalSection(ProjectConfigurationPlatforms) = postSolution
		{FDE641D7-B8C5-4826-BE9D-AE1B6C859791}.Debug|Any CPU.ActiveCfg = Debug|Any CPU
		{FDE641D7-B8C5-4826-BE9D-AE1B6C859791}.Debug|Any CPU.Build.0 = Debug|Any CPU
		{FDE641D7-B8C5-4826-BE9D-AE1B6C859791}.Debug|x64.ActiveCfg = Debug|x64
		{FDE641D7-B8C5-4826-BE9D-AE1B6C859791}.Debug|x64.Build.0 = Debug|x64
		{FDE641D7-B8C5-4826-BE9D-AE1B6C859791}.Debug|x86.ActiveCfg = Debug|Any CPU
		{FDE641D7-B8C5-4826-BE9D-AE1B6C859791}.Debug|x86.Build.0 = Debug|Any CPU
		{FDE641D7-B8C5-4826-BE9D-AE1B6C859791}.Release|Any CPU.ActiveCfg = Release|Any CPU
		{FDE641D7-B8C5-4826-BE9D-AE1B6C859791}.Release|Any CPU.Build.0 = Release|Any CPU
		{FDE641D7-B8C5-4826-BE9D-AE1B6C859791}.Release|x64.ActiveCfg = Release|x64
		{FDE641D7-B8C5-4826-BE9D-AE1B6C859791}.Release|x64.Build.0 = Release|x64
		{FDE641D7-B8C5-4826-BE9D-AE1B6C859791}.Release|x86.ActiveCfg = Release|Any CPU
		{FDE641D7-B8C5-4826-BE9D-AE1B6C859791}.Release|x86.Build.0 = Release|Any CPU
	EndGlobalSection
	GlobalSection(SolutionProperties) = preSolution
		HideSolutionNode = FALSE
	EndGlobalSection
	GlobalSection(ExtensibilityGlobals) = postSolution
		SolutionGuid = {22833346-F920-4B2C-8403-9D0686EE0146}
	EndGlobalSection
EndGlobal
